
Microsoft Visual Studio Solution File, Format Version 12.00
# Visual Studio Version 17
VisualStudioVersion = 17.4.33205.214
MinimumVisualStudioVersion = 10.0.40219.1
Project("{9A19103F-16F7-4668-BE54-9A1E7A4F7556}") = "AuthBroker", "AuthBroker\AuthBroker.csproj", "{8B926C99-C382-4960-B05E-476B7A0D1D72}"
EndProject
Project("{9A19103F-16F7-4668-BE54-9A1E7A4F7556}") = "TestClient", "TestClient\TestClient.csproj", "{5B82BC39-4751-4228-9412-2909B50500A0}"
	ProjectSection(ProjectDependencies) = postProject
		{8B926C99-C382-4960-B05E-476B7A0D1D72} = {8B926C99-C382-4960-B05E-476B7A0D1D72}
	EndProjectSection
EndProject
Project("{9A19103F-16F7-4668-BE54-9A1E7A4F7556}") = "AuthBrokerClient", "AuthBrokerClient\AuthBrokerClient.csproj", "{BD747D70-0DDF-4829-AD5C-BBB1C7475CA8}"
EndProject
Project("{54A90642-561A-4BB1-A94E-469ADEE60C69}") = "vueapp", "TestClient2\vueapp\vueapp.esproj", "{07433835-1D2C-49F5-8C86-2DBC0671C7E3}"
EndProject
Project("{9A19103F-16F7-4668-BE54-9A1E7A4F7556}") = "webapi", "TestClient2\webapi\webapi.csproj", "{2C3C1DC6-00B1-4FA3-A775-FE465988EF29}"
EndProject
Global
	GlobalSection(SolutionConfigurationPlatforms) = preSolution
		Debug|Any CPU = Debug|Any CPU
		Release|Any CPU = Release|Any CPU
	EndGlobalSection
	GlobalSection(ProjectConfigurationPlatforms) = postSolution
		{8B926C99-C382-4960-B05E-476B7A0D1D72}.Debug|Any CPU.ActiveCfg = Debug|Any CPU
		{8B926C99-C382-4960-B05E-476B7A0D1D72}.Debug|Any CPU.Build.0 = Debug|Any CPU
		{8B926C99-C382-4960-B05E-476B7A0D1D72}.Release|Any CPU.ActiveCfg = Release|Any CPU
		{8B926C99-C382-4960-B05E-476B7A0D1D72}.Release|Any CPU.Build.0 = Release|Any CPU
		{5B82BC39-4751-4228-9412-2909B50500A0}.Debug|Any CPU.ActiveCfg = Debug|Any CPU
		{5B82BC39-4751-4228-9412-2909B50500A0}.Debug|Any CPU.Build.0 = Debug|Any CPU
		{5B82BC39-4751-4228-9412-2909B50500A0}.Release|Any CPU.ActiveCfg = Release|Any CPU
		{5B82BC39-4751-4228-9412-2909B50500A0}.Release|Any CPU.Build.0 = Release|Any CPU
		{BD747D70-0DDF-4829-AD5C-BBB1C7475CA8}.Debug|Any CPU.ActiveCfg = Debug|Any CPU
		{BD747D70-0DDF-4829-AD5C-BBB1C7475CA8}.Debug|Any CPU.Build.0 = Debug|Any CPU
		{BD747D70-0DDF-4829-AD5C-BBB1C7475CA8}.Release|Any CPU.ActiveCfg = Release|Any CPU
		{BD747D70-0DDF-4829-AD5C-BBB1C7475CA8}.Release|Any CPU.Build.0 = Release|Any CPU
		{07433835-1D2C-49F5-8C86-2DBC0671C7E3}.Debug|Any CPU.ActiveCfg = Debug|Any CPU
		{07433835-1D2C-49F5-8C86-2DBC0671C7E3}.Debug|Any CPU.Build.0 = Debug|Any CPU
		{07433835-1D2C-49F5-8C86-2DBC0671C7E3}.Debug|Any CPU.Deploy.0 = Debug|Any CPU
		{07433835-1D2C-49F5-8C86-2DBC0671C7E3}.Release|Any CPU.ActiveCfg = Release|Any CPU
		{07433835-1D2C-49F5-8C86-2DBC0671C7E3}.Release|Any CPU.Build.0 = Release|Any CPU
		{07433835-1D2C-49F5-8C86-2DBC0671C7E3}.Release|Any CPU.Deploy.0 = Release|Any CPU
		{2C3C1DC6-00B1-4FA3-A775-FE465988EF29}.Debug|Any CPU.ActiveCfg = Debug|Any CPU
		{2C3C1DC6-00B1-4FA3-A775-FE465988EF29}.Debug|Any CPU.Build.0 = Debug|Any CPU
		{2C3C1DC6-00B1-4FA3-A775-FE465988EF29}.Release|Any CPU.ActiveCfg = Release|Any CPU
		{2C3C1DC6-00B1-4FA3-A775-FE465988EF29}.Release|Any CPU.Build.0 = Release|Any CPU
	EndGlobalSection
	GlobalSection(SolutionProperties) = preSolution
		HideSolutionNode = FALSE
	EndGlobalSection
	GlobalSection(ExtensibilityGlobals) = postSolution
		SolutionGuid = {97FF6B4C-9E74-4AF0-ABEF-224342AECF35}
	EndGlobalSection
EndGlobal
